
Microsoft Visual Studio Solution File, Format Version 12.00
# Visual Studio Version 17
VisualStudioVersion = 17.1.32328.378
MinimumVisualStudioVersion = 10.0.40219.1
Project("{9A19103F-16F7-4668-BE54-9A1E7A4F7556}") = "ActivityService.Web", "ActivityService.Web\ActivityService.Web.csproj", "{594FDF0D-1AD9-44C2-BDE1-BD981F346300}"
EndProject
Project("{FAE04EC0-301F-11D3-BF4B-00C04F79EFBC}") = "ActivityService.Services", "ActivityService.Services\ActivityService.Services.csproj", "{F004A307-33A3-4162-87C2-589E2332CDCF}"
EndProject
Global
	GlobalSection(SolutionConfigurationPlatforms) = preSolution
		Debug|Any CPU = Debug|Any CPU
		Release|Any CPU = Release|Any CPU
	EndGlobalSection
	GlobalSection(ProjectConfigurationPlatforms) = postSolution
		{594FDF0D-1AD9-44C2-BDE1-BD981F346300}.Debug|Any CPU.ActiveCfg = Debug|Any CPU
		{594FDF0D-1AD9-44C2-BDE1-BD981F346300}.Debug|Any CPU.Build.0 = Debug|Any CPU
		{594FDF0D-1AD9-44C2-BDE1-BD981F346300}.Release|Any CPU.ActiveCfg = Release|Any CPU
		{594FDF0D-1AD9-44C2-BDE1-BD981F346300}.Release|Any CPU.Build.0 = Release|Any CPU
		{F004A307-33A3-4162-87C2-589E2332CDCF}.Debug|Any CPU.ActiveCfg = Debug|Any CPU
		{F004A307-33A3-4162-87C2-589E2332CDCF}.Debug|Any CPU.Build.0 = Debug|Any CPU
		{F004A307-33A3-4162-87C2-589E2332CDCF}.Release|Any CPU.ActiveCfg = Release|Any CPU
		{F004A307-33A3-4162-87C2-589E2332CDCF}.Release|Any CPU.Build.0 = Release|Any CPU
	EndGlobalSection
	GlobalSection(SolutionProperties) = preSolution
		HideSolutionNode = FALSE
	EndGlobalSection
	GlobalSection(ExtensibilityGlobals) = postSolution
		SolutionGuid = {2A94B6C5-AB10-4154-BE21-99A7BC6CAA39}
	EndGlobalSection
EndGlobal
